// !$*UTF8*$!
{
	archiveVersion = 1;
	classes = {
	};
	objectVersion = 46;
	objects = {

/* Begin PBXBuildFile section */
		7AFB46E01C2CCD5300925EAF /* main.m in Sources */ = {isa = PBXBuildFile; fileRef = 7AFB46DF1C2CCD5300925EAF /* main.m */; };
		7AFB46E31C2CCD5400925EAF /* AppDelegate.m in Sources */ = {isa = PBXBuildFile; fileRef = 7AFB46E21C2CCD5400925EAF /* AppDelegate.m */; };
		7AFB46E61C2CCD5400925EAF /* ________.xcdatamodeld in Sources */ = {isa = PBXBuildFile; fileRef = 7AFB46E41C2CCD5400925EAF /* ________.xcdatamodeld */; };
		7AFB46E81C2CCD5400925EAF /* Assets.xcassets in Resources */ = {isa = PBXBuildFile; fileRef = 7AFB46E71C2CCD5400925EAF /* Assets.xcassets */; };
		7AFB46EB1C2CCD5400925EAF /* LaunchScreen.storyboard in Resources */ = {isa = PBXBuildFile; fileRef = 7AFB46E91C2CCD5400925EAF /* LaunchScreen.storyboard */; };
/* End PBXBuildFile section */

/* Begin PBXFileReference section */
		7AFB46DB1C2CCD5300925EAF /* 系统相机获取相册.app */ = {isa = PBXFileReference; explicitFileType = wrapper.application; includeInIndex = 0; path = "系统相机获取相册.app"; sourceTree = BUILT_PRODUCTS_DIR; };
		7AFB46DF1C2CCD5300925EAF /* main.m */ = {isa = PBXFileReference; lastKnownFileType = sourcecode.c.objc; path = main.m; sourceTree = "<group>"; };
		7AFB46E11C2CCD5300925EAF /* AppDelegate.h */ = {isa = PBXFileReference; lastKnownFileType = sourcecode.c.h; path = AppDelegate.h; sourceTree = "<group>"; };
		7AFB46E21C2CCD5400925EAF /* AppDelegate.m */ = {isa = PBXFileReference; lastKnownFileType = sourcecode.c.objc; path = AppDelegate.m; sourceTree = "<group>"; };
		7AFB46E51C2CCD5400925EAF /* ________.xcdatamodel */ = {isa = PBXFileReference; lastKnownFileType = wrapper.xcdatamodel; path = "________.xcdatamodel"; sourceTree = "<group>"; };
		7AFB46E71C2CCD5400925EAF /* Assets.xcassets */ = {isa = PBXFileReference; lastKnownFileType = folder.assetcatalog; path = Assets.xcassets; sourceTree = "<group>"; };
		7AFB46EA1C2CCD5400925EAF /* Base */ = {isa = PBXFileReference; lastKnownFileType = file.storyboard; name = Base; path = Base.lproj/LaunchScreen.storyboard; sourceTree = "<group>"; };
		7AFB46EC1C2CCD5400925EAF /* Info.plist */ = {isa = PBXFileReference; lastKnownFileType = text.plist.xml; path = Info.plist; sourceTree = "<group>"; };
/* End PBXFileReference section */

/* Begin PBXFrameworksBuildPhase section */
		7AFB46D81C2CCD5300925EAF /* Frameworks */ = {
			isa = PBXFrameworksBuildPhase;
			buildActionMask = 2147483647;
			files = (
			);
			runOnlyForDeploymentPostprocessing = 0;
		};
/* End PBXFrameworksBuildPhase section */

/* Begin PBXGroup section */
		7AFB46D21C2CCD5300925EAF = {
			isa = PBXGroup;
			children = (
				7AFB46DD1C2CCD5300925EAF /* 系统相机获取相册 */,
				7AFB46DC1C2CCD5300925EAF /* Products */,
			);
			sourceTree = "<group>";
		};
		7AFB46DC1C2CCD5300925EAF /* Products */ = {
			isa = PBXGroup;
			children = (
				7AFB46DB1C2CCD5300925EAF /* 系统相机获取相册.app */,
			);
			name = Products;
			sourceTree = "<group>";
		};
		7AFB46DD1C2CCD5300925EAF /* 系统相机获取相册 */ = {
			isa = PBXGroup;
			children = (
				7AFB46E11C2CCD5300925EAF /* AppDelegate.h */,
				7AFB46E21C2CCD5400925EAF /* AppDelegate.m */,
				7AFB46E71C2CCD5400925EAF /* Assets.xcassets */,
				7AFB46E91C2CCD5400925EAF /* LaunchScreen.storyboard */,
				7AFB46EC1C2CCD5400925EAF /* Info.plist */,
				7AFB46E41C2CCD5400925EAF /* ________.xcdatamodeld */,
				7AFB46DE1C2CCD5300925EAF /* Supporting Files */,
			);
			path = "系统相机获取相册";
			sourceTree = "<group>";
		};
		7AFB46DE1C2CCD5300925EAF /* Supporting Files */ = {
			isa = PBXGroup;
			children = (
				7AFB46DF1C2CCD5300925EAF /* main.m */,
			);
			name = "Supporting Files";
			sourceTree = "<group>";
		};
/* End PBXGroup section */

/* Begin PBXNativeTarget section */
		7AFB46DA1C2CCD5300925EAF /* 系统相机获取相册 */ = {
			isa = PBXNativeTarget;
			buildConfigurationList = 7AFB46EF1C2CCD5400925EAF /* Build configuration list for PBXNativeTarget "系统相机获取相册" */;
			buildPhases = (
				7AFB46D71C2CCD5300925EAF /* Sources */,
				7AFB46D81C2CCD5300925EAF /* Frameworks */,
				7AFB46D91C2CCD5300925EAF /* Resources */,
			);
			buildRules = (
			);
			dependencies = (
			);
			name = "系统相机获取相册";
			productName = "系统相机获取相册";
			productReference = 7AFB46DB1C2CCD5300925EAF /* 系统相机获取相册.app */;
			productType = "com.apple.product-type.application";
		};
/* End PBXNativeTarget section */

/* Begin PBXProject section */
		7AFB46D31C2CCD5300925EAF /* Project object */ = {
			isa = PBXProject;
			attributes = {
				LastUpgradeCheck = 0720;
				ORGANIZATIONNAME = scjy;
				TargetAttributes = {
					7AFB46DA1C2CCD5300925EAF = {
						CreatedOnToolsVersion = 7.2;
					};
				};
			};
			buildConfigurationList = 7AFB46D61C2CCD5300925EAF /* Build configuration list for PBXProject "系统相机获取相册" */;
			compatibilityVersion = "Xcode 3.2";
			developmentRegion = English;
			hasScannedForEncodings = 0;
			knownRegions = (
				en,
				Base,
			);
			mainGroup = 7AFB46D21C2CCD5300925EAF;
			productRefGroup = 7AFB46DC1C2CCD5300925EAF /* Products */;
			projectDirPath = "";
			projectRoot = "";
			targets = (
				7AFB46DA1C2CCD5300925EAF /* 系统相机获取相册 */,
			);
		};
/* End PBXProject section */

/* Begin PBXResourcesBuildPhase section */
		7AFB46D91C2CCD5300925EAF /* Resources */ = {
			isa = PBXResourcesBuildPhase;
			buildActionMask = 2147483647;
			files = (
				7AFB46E81C2CCD5400925EAF /* Assets.xcassets in Resources */,
				7AFB46EB1C2CCD5400925EAF /* LaunchScreen.storyboard in Resources */,
			);
			runOnlyForDeploymentPostprocessing = 0;
		};
/* End PBXResourcesBuildPhase section */

/* Begin PBXSourcesBuildPhase section */
		7AFB46D71C2CCD5300925EAF /* Sources */ = {
			isa = PBXSourcesBuildPhase;
			buildActionMask = 2147483647;
			files = (
				7AFB46E31C2CCD5400925EAF /* AppDelegate.m in Sources */,
				7AFB46E61C2CCD5400925EAF /* ________.xcdatamodeld in Sources */,
				7AFB46E01C2CCD5300925EAF /* main.m in Sources */,
			);
			runOnlyForDeploymentPostprocessing = 0;
		};
/* End PBXSourcesBuildPhase section */

/* Begin PBXVariantGroup section */
		7AFB46E91C2CCD5400925EAF /* LaunchScreen.storyboard */ = {
			isa = PBXVariantGroup;
			children = (
				7AFB46EA1C2CCD5400925EAF /* Base */,
			);
			name = LaunchScreen.storyboard;
			sourceTree = "<group>";
		};
/* End PBXVariantGroup section */

/* Begin XCBuildConfiguration section */
		7AFB46ED1C2CCD5400925EAF /* Debug */ = {
			isa = XCBuildConfiguration;
			buildSettings = {
				ALWAYS_SEARCH_USER_PATHS = NO;
				CLANG_CXX_LANGUAGE_STANDARD = "gnu++0x";
				CLANG_CXX_LIBRARY = "libc++";
				CLANG_ENABLE_MODULES = YES;
				CLANG_ENABLE_OBJC_ARC = YES;
				CLANG_WARN_BOOL_CONVERSION = YES;
				CLANG_WARN_CONSTANT_CONVERSION = YES;
				CLANG_WARN_DIRECT_OBJC_ISA_USAGE = YES_ERROR;
				CLANG_WARN_EMPTY_BODY = YES;
				CLANG_WARN_ENUM_CONVERSION = YES;
				CLANG_WARN_INT_CONVERSION = YES;
				CLANG_WARN_OBJC_ROOT_CLASS = YES_ERROR;
				CLANG_WARN_UNREACHABLE_CODE = YES;
				CLANG_WARN__DUPLICATE_METHOD_MATCH = YES;
				"CODE_SIGN_IDENTITY[sdk=iphoneos*]" = "iPhone Developer";
				COPY_PHASE_STRIP = NO;
				DEBUG_INFORMATION_FORMAT = dwarf;
				ENABLE_STRICT_OBJC_MSGSEND = YES;
				ENABLE_TESTABILITY = YES;
				GCC_C_LANGUAGE_STANDARD = gnu99;
				GCC_DYNAMIC_NO_PIC = NO;
				GCC_NO_COMMON_BLOCKS = YES;
				GCC_OPTIMIZATION_LEVEL = 0;
				GCC_PREPROCESSOR_DEFINITIONS = (
					"DEBUG=1",
					"$(inherited)",
				);
				GCC_WARN_64_TO_32_BIT_CONVERSION = YES;
				GCC_WARN_ABOUT_RETURN_TYPE = YES_ERROR;
				GCC_WARN_UNDECLARED_SELECTOR = YES;
				GCC_WARN_UNINITIALIZED_AUTOS = YES_AGGRESSIVE;
				GCC_WARN_UNUSED_FUNCTION = YES;
				GCC_WARN_UNUSED_VARIABLE = YES;
				IPHONEOS_DEPLOYMENT_TARGET = 9.2;
				MTL_ENABLE_DEBUG_INFO = YES;
				ONLY_ACTIVE_ARCH = YES;
				SDKROOT = iphoneos;
			};
			name = Debug;
		};
		7AFB46EE1C2CCD5400925EAF /* Release */ = {
			isa = XCBuildConfiguration;
			buildSettings = {
				ALWAYS_SEARCH_USER_PATHS = NO;
				CLANG_CXX_LANGUAGE_STANDARD = "gnu++0x";
				CLANG_CXX_LIBRARY = "libc++";
				CLANG_ENABLE_MODULES = YES;
				CLANG_ENABLE_OBJC_ARC = YES;
				CLANG_WARN_BOOL_CONVERSION = YES;
				CLANG_WARN_CONSTANT_CONVERSION = YES;
				CLANG_WARN_DIRECT_OBJC_ISA_USAGE = YES_ERROR;
				CLANG_WARN_EMPTY_BODY = YES;
				CLANG_WARN_ENUM_CONVERSION = YES;
				CLANG_WARN_INT_CONVERSION = YES;
				CLANG_WARN_OBJC_ROOT_CLASS = YES_ERROR;
				CLANG_WARN_UNREACHABLE_CODE = YES;
				CLANG_WARN__DUPLICATE_METHOD_MATCH = YES;
				"CODE_SIGN_IDENTITY[sdk=iphoneos*]" = "iPhone Developer";
				COPY_PHASE_STRIP = NO;
				DEBUG_INFORMATION_FORMAT = "dwarf-with-dsym";
				ENABLE_NS_ASSERTIONS = NO;
				ENABLE_STRICT_OBJC_MSGSEND = YES;
				GCC_C_LANGUAGE_STANDARD = gnu99;
				GCC_NO_COMMON_BLOCKS = YES;
				GCC_WARN_64_TO_32_BIT_CONVERSION = YES;
				GCC_WARN_ABOUT_RETURN_TYPE = YES_ERROR;
				GCC_WARN_UNDECLARED_SELECTOR = YES;
				GCC_WARN_UNINITIALIZED_AUTOS = YES_AGGRESSIVE;
				GCC_WARN_UNUSED_FUNCTION = YES;
				GCC_WARN_UNUSED_VARIABLE = YES;
				IPHONEOS_DEPLOYMENT_TARGET = 9.2;
				MTL_ENABLE_DEBUG_INFO = NO;
				SDKROOT = iphoneos;
				VALIDATE_PRODUCT = YES;
			};
			name = Release;
		};
		7AFB46F01C2CCD5400925EAF /* Debug */ = {
			isa = XCBuildConfiguration;
			buildSettings = {
				ASSETCATALOG_COMPILER_APPICON_NAME = AppIcon;
				INFOPLIST_FILE = "系统相机获取相册/Info.plist";
				LD_RUNPATH_SEARCH_PATHS = "$(inherited) @executable_path/Frameworks";
				PRODUCT_BUNDLE_IDENTIFIER = "iOS.huI.--------";
				PRODUCT_NAME = "$(TARGET_NAME)";
			};
			name = Debug;
		};
		7AFB46F11C2CCD5400925EAF /* Release */ = {
			isa = XCBuildConfiguration;
			buildSettings = {
				ASSETCATALOG_COMPILER_APPICON_NAME = AppIcon;
				INFOPLIST_FILE = "系统相机获取相册/Info.plist";
				LD_RUNPATH_SEARCH_PATHS = "$(inherited) @executable_path/Frameworks";
				PRODUCT_BUNDLE_IDENTIFIER = "iOS.huI.--------";
				PRODUCT_NAME = "$(TARGET_NAME)";
			};
			name = Release;
		};
/* End XCBuildConfiguration section */

/* Begin XCConfigurationList section */
		7AFB46D61C2CCD5300925EAF /* Build configuration list for PBXProject "系统相机获取相册" */ = {
			isa = XCConfigurationList;
			buildConfigurations = (
				7AFB46ED1C2CCD5400925EAF /* Debug */,
				7AFB46EE1C2CCD5400925EAF /* Release */,
			);
			defaultConfigurationIsVisible = 0;
			defaultConfigurationName = Release;
		};
		7AFB46EF1C2CCD5400925EAF /* Build configuration list for PBXNativeTarget "系统相机获取相册" */ = {
			isa = XCConfigurationList;
			buildConfigurations = (
				7AFB46F01C2CCD5400925EAF /* Debug */,
				7AFB46F11C2CCD5400925EAF /* Release */,
			);
			defaultConfigurationIsVisible = 0;
		};
/* End XCConfigurationList section */

/* Begin XCVersionGroup section */
		7AFB46E41C2CCD5400925EAF /* ________.xcdatamodeld */ = {
			isa = XCVersionGroup;
			children = (
				7AFB46E51C2CCD5400925EAF /* ________.xcdatamodel */,
			);
			currentVersion = 7AFB46E51C2CCD5400925EAF /* ________.xcdatamodel */;
			path = "________.xcdatamodeld";
			sourceTree = "<group>";
			versionGroupType = wrapper.xcdatamodel;
		};
/* End XCVersionGroup section */
	};
	rootObject = 7AFB46D31C2CCD5300925EAF /* Project object */;
}
